<?xml version="1.0" encoding="utf-8"?>
<Project ToolsVersion="4.0" xmlns="http://schemas.microsoft.com/developer/msbuild/2003">
  <ItemGroup>
    <Filter Include="System">
      <UniqueIdentifier>{a7067ca1-03b2-444f-98a3-0b7a77ebd2c2}</UniqueIdentifier>
    </Filter>
    <Filter Include="Math">
      <UniqueIdentifier>{446a4195-9108-4213-88b2-11fa48d51f63}</UniqueIdentifier>
    </Filter>
    <Filter Include="Objects">
      <UniqueIdentifier>{f7ca103b-4500-4270-8f4e-88c967ab4fef}</UniqueIdentifier>
    </Filter>
    <Filter Include="Resource Files">
      <UniqueIdentifier>{67DA6AB6-F800-4c08-8B7A-83BB121AAD01}</UniqueIdentifier>
      <Extensions>rc;ico;cur;bmp;dlg;rc2;rct;bin;rgs;gif;jpg;jpeg;jpe;resx;tiff;tif;png;wav;mfcribbon-ms</Extensions>
    </Filter>
    <Filter Include="BaseObjects">
      <UniqueIdentifier>{ec470504-f38f-45e7-b759-7c26cc8f9305}</UniqueIdentifier>
    </Filter>
    <Filter Include="Scenes">
      <UniqueIdentifier>{fdc2cfde-05c7-4dc1-a80f-745643b2c502}</UniqueIdentifier>
    </Filter>
    <Filter Include="Objects\Lazik">
      <UniqueIdentifier>{1db16fda-c044-4e28-b5f4-7e845cf861ab}</UniqueIdentifier>
    </Filter>
    <Filter Include="Objects\Shapes">
      <UniqueIdentifier>{0c27bd52-bf71-4c22-b002-3b30b1d3b138}</UniqueIdentifier>
    </Filter>
  </ItemGroup>
  <ItemGroup>
    <None Include="..\RESOURCE.APS">
      <Filter>Resource Files</Filter>
    </None>
    <None Include="ClassDiagram.cd" />
  </ItemGroup>
  <ItemGroup>
    <ClCompile Include="..\Gl_template.cpp">
      <Filter>System</Filter>
    </ClCompile>
    <ClCompile Include="IScene.cpp">
      <Filter>BaseObjects</Filter>
    </ClCompile>
    <ClCompile Include="InputHandler.cpp">
      <Filter>BaseObjects</Filter>
    </ClCompile>
    <ClCompile Include="MyScene.cpp">
      <Filter>Scenes</Filter>
    </ClCompile>
  </ItemGroup>
  <ItemGroup>
    <ClInclude Include="..\RESOURCE.H">
      <Filter>Resource Files</Filter>
    </ClInclude>
    <ClInclude Include="Renderer.h">
      <Filter>System</Filter>
    </ClInclude>
    <ClInclude Include="Vec3.h">
      <Filter>Math</Filter>
    </ClInclude>
    <ClInclude Include="Vec2.h">
      <Filter>Math</Filter>
    </ClInclude>
    <ClInclude Include="Quat.h">
      <Filter>Math</Filter>
    </ClInclude>
    <ClInclude Include="M33.h">
      <Filter>Math</Filter>
    </ClInclude>
    <ClInclude Include="Grid.h">
      <Filter>Objects</Filter>
    </ClInclude>
    <ClInclude Include="IScene.h">
      <Filter>BaseObjects</Filter>
    </ClInclude>
    <ClInclude Include="InputHandler.h">
      <Filter>BaseObjects</Filter>
    </ClInclude>
    <ClInclude Include="Shape.h">
      <Filter>BaseObjects</Filter>
    </ClInclude>
    <ClInclude Include="Geom.h">
      <Filter>BaseObjects</Filter>
    </ClInclude>
    <ClInclude Include="Entity.h">
      <Filter>BaseObjects</Filter>
    </ClInclude>
    <ClInclude Include="MyScene.h">
      <Filter>Scenes</Filter>
    </ClInclude>
    <ClInclude Include="ColorF.h">
      <Filter>Math</Filter>
    </ClInclude>
    <ClInclude Include="Axes.h">
      <Filter>Objects</Filter>
    </ClInclude>
    <ClInclude Include="Lazik.h">
      <Filter>Objects\Lazik</Filter>
    </ClInclude>
    <ClInclude Include="Kadlubek.h">
      <Filter>Objects\Lazik</Filter>
    </ClInclude>
    <ClInclude Include="Background.h">
      <Filter>Objects</Filter>
    </ClInclude>
    <ClInclude Include="Kolo.h">
      <Filter>Objects\Lazik</Filter>
    </ClInclude>
    <ClInclude Include="Ramie.h">
      <Filter>Objects\Lazik</Filter>
    </ClInclude>
    <ClInclude Include="Sphere.h">
      <Filter>Objects\Shapes</Filter>
    </ClInclude>
    <ClInclude Include="Chwytak.h">
      <Filter>Objects\Lazik</Filter>
    </ClInclude>
    <ClInclude Include="Kamera.h">
      <Filter>Objects\Lazik</Filter>
    </ClInclude>
    <ClInclude Include="Cylinder.h">
      <Filter>Objects\Shapes</Filter>
    </ClInclude>
    <ClInclude Include="Face.h">
      <Filter>Objects\Shapes</Filter>
    </ClInclude>
    <ClInclude Include="Disc.h">
      <Filter>Objects\Shapes</Filter>
    </ClInclude>
    <ClInclude Include="ObjFile.h">
      <Filter>Objects</Filter>
    </ClInclude>
    <ClInclude Include="Camera.h">
      <Filter>Objects</Filter>
    </ClInclude>
    <ClInclude Include="ObjShapeMemory.h">
      <Filter>Objects</Filter>
    </ClInclude>
    <ClInclude Include="Vertex.h">
      <Filter>BaseObjects</Filter>
    </ClInclude>
    <ClInclude Include="image_loader.h">
      <Filter>System</Filter>
    </ClInclude>
    <ClInclude Include="obj_loader.h">
      <Filter>System</Filter>
    </ClInclude>
  </ItemGroup>
</Project>